// !$*UTF8*$!
{
	archiveVersion = 1;
	classes = {
	};
	objectVersion = 54;
	objects = {

/* Begin PBXBuildFile section */
		270D3B4AFAF0E8FC8C15396F /* Pods_junction_2021.framework in Frameworks */ = {isa = PBXBuildFile; fileRef = 008712EF501A8C781E2EEB9B /* Pods_junction_2021.framework */; };
		4467DEC0274822050094DBF7 /* ActionBannerCell.swift in Sources */ = {isa = PBXBuildFile; fileRef = 4467DEBE274822050094DBF7 /* ActionBannerCell.swift */; };
		4467DEC1274822050094DBF7 /* ActionBannerCell.xib in Resources */ = {isa = PBXBuildFile; fileRef = 4467DEBF274822050094DBF7 /* ActionBannerCell.xib */; };
		4467DEC4274837F70094DBF7 /* SpaceCell.swift in Sources */ = {isa = PBXBuildFile; fileRef = 4467DEC3274837F70094DBF7 /* SpaceCell.swift */; };
		4467DEE727483F510094DBF7 /* TeamTableViewCell.xib in Resources */ = {isa = PBXBuildFile; fileRef = 4467DEE327483F510094DBF7 /* TeamTableViewCell.xib */; };
		4467DEE827483F510094DBF7 /* StageTableViewCell.swift in Sources */ = {isa = PBXBuildFile; fileRef = 4467DEE427483F510094DBF7 /* StageTableViewCell.swift */; };
		4467DEE927483F510094DBF7 /* StageTableViewCell.xib in Resources */ = {isa = PBXBuildFile; fileRef = 4467DEE527483F510094DBF7 /* StageTableViewCell.xib */; };
		4467DEEA27483F510094DBF7 /* TeamTableViewCell.swift in Sources */ = {isa = PBXBuildFile; fileRef = 4467DEE627483F510094DBF7 /* TeamTableViewCell.swift */; };
		4467DEEF27483F5B0094DBF7 /* TitleWithRoundTopHeader.swift in Sources */ = {isa = PBXBuildFile; fileRef = 4467DEED27483F5B0094DBF7 /* TitleWithRoundTopHeader.swift */; };
		4467DEF027483F5B0094DBF7 /* RoundFooter.swift in Sources */ = {isa = PBXBuildFile; fileRef = 4467DEEE27483F5B0094DBF7 /* RoundFooter.swift */; };
		4467DEF327483F820094DBF7 /* UIView+roundCorner.swift in Sources */ = {isa = PBXBuildFile; fileRef = 4467DEF227483F820094DBF7 /* UIView+roundCorner.swift */; };
		4467DEFF27484D240094DBF7 /* TitileCell.swift in Sources */ = {isa = PBXBuildFile; fileRef = 4467DEFE27484D240094DBF7 /* TitileCell.swift */; };
		4467DF21274876390094DBF7 /* ButtonCell.swift in Sources */ = {isa = PBXBuildFile; fileRef = 4467DF1F274876390094DBF7 /* ButtonCell.swift */; };
		4467DF22274876390094DBF7 /* ButtonCell.xib in Resources */ = {isa = PBXBuildFile; fileRef = 4467DF20274876390094DBF7 /* ButtonCell.xib */; };
		4467DF2C274881E20094DBF7 /* LeaderboardViewController.swift in Sources */ = {isa = PBXBuildFile; fileRef = 4467DF2B274881E20094DBF7 /* LeaderboardViewController.swift */; };
		4467DF2F2748821A0094DBF7 /* LeaderboardPresenter.swift in Sources */ = {isa = PBXBuildFile; fileRef = 4467DF2E2748821A0094DBF7 /* LeaderboardPresenter.swift */; };
		4467DF32274888800094DBF7 /* BattlePresenter.swift in Sources */ = {isa = PBXBuildFile; fileRef = 4467DF31274888800094DBF7 /* BattlePresenter.swift */; };
		4467DF3527488A260094DBF7 /* Navigation+Icon.swift in Sources */ = {isa = PBXBuildFile; fileRef = 4467DF3427488A260094DBF7 /* Navigation+Icon.swift */; };
		4467DF4E27489E480094DBF7 /* LeaderBoardCell.swift in Sources */ = {isa = PBXBuildFile; fileRef = 4467DF4C27489E480094DBF7 /* LeaderBoardCell.swift */; };
		4467DF4F27489E480094DBF7 /* LeaderBoardCell.xib in Resources */ = {isa = PBXBuildFile; fileRef = 4467DF4D27489E480094DBF7 /* LeaderBoardCell.xib */; };
		4467DF60274914DA0094DBF7 /* BattleViewController.swift in Sources */ = {isa = PBXBuildFile; fileRef = 4467DF5E274914DA0094DBF7 /* BattleViewController.swift */; };
		4467DF61274914DA0094DBF7 /* BattleViewController.xib in Resources */ = {isa = PBXBuildFile; fileRef = 4467DF5F274914DA0094DBF7 /* BattleViewController.xib */; };
		44D47DFF2745939D00709885 /* LaunchScreen.storyboard in Resources */ = {isa = PBXBuildFile; fileRef = 44D47DFD2745939D00709885 /* LaunchScreen.storyboard */; };
		44D47E062745951500709885 /* AuthViewController.swift in Sources */ = {isa = PBXBuildFile; fileRef = 44D47E052745951500709885 /* AuthViewController.swift */; };
		44D47E0A2745952700709885 /* Assembly.swift in Sources */ = {isa = PBXBuildFile; fileRef = 44D47E092745952700709885 /* Assembly.swift */; };
		44D47E0D2745953300709885 /* Router.swift in Sources */ = {isa = PBXBuildFile; fileRef = 44D47E0C2745953300709885 /* Router.swift */; };
		44D47E13274596E100709885 /* CommunityViewController.swift in Sources */ = {isa = PBXBuildFile; fileRef = 44D47E12274596E100709885 /* CommunityViewController.swift */; };
		44D47E1727459F0F00709885 /* UIColor+Extension.swift in Sources */ = {isa = PBXBuildFile; fileRef = 44D47E1627459F0F00709885 /* UIColor+Extension.swift */; };
		44D47E1A2745A02C00709885 /* AuthPresenter.swift in Sources */ = {isa = PBXBuildFile; fileRef = 44D47E192745A02C00709885 /* AuthPresenter.swift */; };
		44D47E1D2745A37E00709885 /* CommunityPresenter.swift in Sources */ = {isa = PBXBuildFile; fileRef = 44D47E1C2745A37E00709885 /* CommunityPresenter.swift */; };
		44D47E26274621C400709885 /* NetworkService.swift in Sources */ = {isa = PBXBuildFile; fileRef = 44D47E25274621C400709885 /* NetworkService.swift */; };
		44D47E622746CD5800709885 /* AuthModel.swift in Sources */ = {isa = PBXBuildFile; fileRef = 44D47E612746CD5800709885 /* AuthModel.swift */; };
		44EA0C8A274798ED005CE7D6 /* KeyChainService.swift in Sources */ = {isa = PBXBuildFile; fileRef = 44EA0C89274798ED005CE7D6 /* KeyChainService.swift */; };
		44EA0CA42747B329005CE7D6 /* DesignSystem.swift in Sources */ = {isa = PBXBuildFile; fileRef = 44EA0CA32747B329005CE7D6 /* DesignSystem.swift */; };
		D3E4995127454E1400B9D58C /* AppDelegate.swift in Sources */ = {isa = PBXBuildFile; fileRef = D3E4995027454E1400B9D58C /* AppDelegate.swift */; };
		D3E4996B27479F0C00B9D58C /* R.generated.swift in Sources */ = {isa = PBXBuildFile; fileRef = D3E4996A27479F0C00B9D58C /* R.generated.swift */; };
		D3E4996D2747A33600B9D58C /* InitialSetupService.swift in Sources */ = {isa = PBXBuildFile; fileRef = D3E4996C2747A33600B9D58C /* InitialSetupService.swift */; };
		D3E499702747A9BB00B9D58C /* Container+resolve.swift in Sources */ = {isa = PBXBuildFile; fileRef = D3E4996F2747A9BB00B9D58C /* Container+resolve.swift */; };
		D3E499732747B6B900B9D58C /* TokenManager.swift in Sources */ = {isa = PBXBuildFile; fileRef = D3E499722747B6B900B9D58C /* TokenManager.swift */; };
		D3E499782747C14F00B9D58C /* CourseViewController.swift in Sources */ = {isa = PBXBuildFile; fileRef = D3E499772747C14F00B9D58C /* CourseViewController.swift */; };
		D3E4997A2747C15A00B9D58C /* CoursePresenter.swift in Sources */ = {isa = PBXBuildFile; fileRef = D3E499792747C15A00B9D58C /* CoursePresenter.swift */; };
		D3E4997C2747C16400B9D58C /* CourseModel.swift in Sources */ = {isa = PBXBuildFile; fileRef = D3E4997B2747C16400B9D58C /* CourseModel.swift */; };
		D3E499832747DA0500B9D58C /* CALayer+applyFigmaShadow.swift in Sources */ = {isa = PBXBuildFile; fileRef = D3E499822747DA0500B9D58C /* CALayer+applyFigmaShadow.swift */; };
		D3E499852747F18200B9D58C /* PressAnimatable.swift in Sources */ = {isa = PBXBuildFile; fileRef = D3E499842747F18200B9D58C /* PressAnimatable.swift */; };
		D3E499A427484B7600B9D58C /* TasksViewController.swift in Sources */ = {isa = PBXBuildFile; fileRef = D3E499A327484B7600B9D58C /* TasksViewController.swift */; };
		D3E499A627484B8000B9D58C /* TasksPresenter.swift in Sources */ = {isa = PBXBuildFile; fileRef = D3E499A527484B8000B9D58C /* TasksPresenter.swift */; };
		D3E499AA27486A1700B9D58C /* TaskTableViewCell.swift in Sources */ = {isa = PBXBuildFile; fileRef = D3E499A827486A1700B9D58C /* TaskTableViewCell.swift */; };
		D3E499AB27486A1700B9D58C /* TaskTableViewCell.xib in Resources */ = {isa = PBXBuildFile; fileRef = D3E499A927486A1700B9D58C /* TaskTableViewCell.xib */; };
		D3E499AF274922BF00B9D58C /* SpacingWithRoundTopBottomCell.swift in Sources */ = {isa = PBXBuildFile; fileRef = D3E499AE274922BE00B9D58C /* SpacingWithRoundTopBottomCell.swift */; };
		D3E499B12749305D00B9D58C /* Assets.xcassets in Resources */ = {isa = PBXBuildFile; fileRef = D3E499B02749305D00B9D58C /* Assets.xcassets */; };
		D3E499B427494A1800B9D58C /* LoadingCell.swift in Sources */ = {isa = PBXBuildFile; fileRef = D3E499B327494A1800B9D58C /* LoadingCell.swift */; };
/* End PBXBuildFile section */

/* Begin PBXFileReference section */
		008712EF501A8C781E2EEB9B /* Pods_junction_2021.framework */ = {isa = PBXFileReference; explicitFileType = wrapper.framework; includeInIndex = 0; path = Pods_junction_2021.framework; sourceTree = BUILT_PRODUCTS_DIR; };
		4467DEBE274822050094DBF7 /* ActionBannerCell.swift */ = {isa = PBXFileReference; lastKnownFileType = sourcecode.swift; path = ActionBannerCell.swift; sourceTree = "<group>"; };
		4467DEBF274822050094DBF7 /* ActionBannerCell.xib */ = {isa = PBXFileReference; lastKnownFileType = file.xib; path = ActionBannerCell.xib; sourceTree = "<group>"; };
		4467DEC3274837F70094DBF7 /* SpaceCell.swift */ = {isa = PBXFileReference; lastKnownFileType = sourcecode.swift; path = SpaceCell.swift; sourceTree = "<group>"; };
		4467DEE327483F510094DBF7 /* TeamTableViewCell.xib */ = {isa = PBXFileReference; fileEncoding = 4; lastKnownFileType = file.xib; path = TeamTableViewCell.xib; sourceTree = "<group>"; };
		4467DEE427483F510094DBF7 /* StageTableViewCell.swift */ = {isa = PBXFileReference; fileEncoding = 4; lastKnownFileType = sourcecode.swift; path = StageTableViewCell.swift; sourceTree = "<group>"; };
		4467DEE527483F510094DBF7 /* StageTableViewCell.xib */ = {isa = PBXFileReference; fileEncoding = 4; lastKnownFileType = file.xib; path = StageTableViewCell.xib; sourceTree = "<group>"; };
		4467DEE627483F510094DBF7 /* TeamTableViewCell.swift */ = {isa = PBXFileReference; fileEncoding = 4; lastKnownFileType = sourcecode.swift; path = TeamTableViewCell.swift; sourceTree = "<group>"; };
		4467DEED27483F5B0094DBF7 /* TitleWithRoundTopHeader.swift */ = {isa = PBXFileReference; fileEncoding = 4; lastKnownFileType = sourcecode.swift; path = TitleWithRoundTopHeader.swift; sourceTree = "<group>"; };
		4467DEEE27483F5B0094DBF7 /* RoundFooter.swift */ = {isa = PBXFileReference; fileEncoding = 4; lastKnownFileType = sourcecode.swift; path = RoundFooter.swift; sourceTree = "<group>"; };
		4467DEF227483F820094DBF7 /* UIView+roundCorner.swift */ = {isa = PBXFileReference; fileEncoding = 4; lastKnownFileType = sourcecode.swift; path = "UIView+roundCorner.swift"; sourceTree = "<group>"; };
		4467DEFE27484D240094DBF7 /* TitileCell.swift */ = {isa = PBXFileReference; lastKnownFileType = sourcecode.swift; path = TitileCell.swift; sourceTree = "<group>"; };
		4467DF1F274876390094DBF7 /* ButtonCell.swift */ = {isa = PBXFileReference; lastKnownFileType = sourcecode.swift; path = ButtonCell.swift; sourceTree = "<group>"; };
		4467DF20274876390094DBF7 /* ButtonCell.xib */ = {isa = PBXFileReference; lastKnownFileType = file.xib; path = ButtonCell.xib; sourceTree = "<group>"; };
		4467DF2B274881E20094DBF7 /* LeaderboardViewController.swift */ = {isa = PBXFileReference; lastKnownFileType = sourcecode.swift; path = LeaderboardViewController.swift; sourceTree = "<group>"; };
		4467DF2E2748821A0094DBF7 /* LeaderboardPresenter.swift */ = {isa = PBXFileReference; lastKnownFileType = sourcecode.swift; path = LeaderboardPresenter.swift; sourceTree = "<group>"; };
		4467DF31274888800094DBF7 /* BattlePresenter.swift */ = {isa = PBXFileReference; lastKnownFileType = sourcecode.swift; path = BattlePresenter.swift; sourceTree = "<group>"; };
		4467DF3427488A260094DBF7 /* Navigation+Icon.swift */ = {isa = PBXFileReference; lastKnownFileType = sourcecode.swift; path = "Navigation+Icon.swift"; sourceTree = "<group>"; };
		4467DF4C27489E480094DBF7 /* LeaderBoardCell.swift */ = {isa = PBXFileReference; lastKnownFileType = sourcecode.swift; path = LeaderBoardCell.swift; sourceTree = "<group>"; };
		4467DF4D27489E480094DBF7 /* LeaderBoardCell.xib */ = {isa = PBXFileReference; lastKnownFileType = file.xib; path = LeaderBoardCell.xib; sourceTree = "<group>"; };
		4467DF5E274914DA0094DBF7 /* BattleViewController.swift */ = {isa = PBXFileReference; lastKnownFileType = sourcecode.swift; path = BattleViewController.swift; sourceTree = "<group>"; };
		4467DF5F274914DA0094DBF7 /* BattleViewController.xib */ = {isa = PBXFileReference; lastKnownFileType = file.xib; path = BattleViewController.xib; sourceTree = "<group>"; };
		44D47DFE2745939D00709885 /* Base */ = {isa = PBXFileReference; lastKnownFileType = file.storyboard; name = Base; path = "junction-2021/System/Base.lproj/LaunchScreen.storyboard"; sourceTree = "<group>"; };
		44D47E052745951500709885 /* AuthViewController.swift */ = {isa = PBXFileReference; lastKnownFileType = sourcecode.swift; path = AuthViewController.swift; sourceTree = "<group>"; };
		44D47E092745952700709885 /* Assembly.swift */ = {isa = PBXFileReference; lastKnownFileType = sourcecode.swift; path = Assembly.swift; sourceTree = "<group>"; };
		44D47E0C2745953300709885 /* Router.swift */ = {isa = PBXFileReference; lastKnownFileType = sourcecode.swift; path = Router.swift; sourceTree = "<group>"; };
		44D47E12274596E100709885 /* CommunityViewController.swift */ = {isa = PBXFileReference; lastKnownFileType = sourcecode.swift; path = CommunityViewController.swift; sourceTree = "<group>"; };
		44D47E1627459F0F00709885 /* UIColor+Extension.swift */ = {isa = PBXFileReference; lastKnownFileType = sourcecode.swift; path = "UIColor+Extension.swift"; sourceTree = "<group>"; };
		44D47E192745A02C00709885 /* AuthPresenter.swift */ = {isa = PBXFileReference; lastKnownFileType = sourcecode.swift; path = AuthPresenter.swift; sourceTree = "<group>"; };
		44D47E1C2745A37E00709885 /* CommunityPresenter.swift */ = {isa = PBXFileReference; lastKnownFileType = sourcecode.swift; path = CommunityPresenter.swift; sourceTree = "<group>"; };
		44D47E25274621C400709885 /* NetworkService.swift */ = {isa = PBXFileReference; lastKnownFileType = sourcecode.swift; path = NetworkService.swift; sourceTree = "<group>"; };
		44D47E612746CD5800709885 /* AuthModel.swift */ = {isa = PBXFileReference; lastKnownFileType = sourcecode.swift; path = AuthModel.swift; sourceTree = "<group>"; };
		44EA0C89274798ED005CE7D6 /* KeyChainService.swift */ = {isa = PBXFileReference; lastKnownFileType = sourcecode.swift; path = KeyChainService.swift; sourceTree = "<group>"; };
		44EA0CA32747B329005CE7D6 /* DesignSystem.swift */ = {isa = PBXFileReference; fileEncoding = 4; lastKnownFileType = sourcecode.swift; path = DesignSystem.swift; sourceTree = "<group>"; };
		C77EC4975D68B6FF9C5F7D8D /* Pods-junction-2021.debug.xcconfig */ = {isa = PBXFileReference; includeInIndex = 1; lastKnownFileType = text.xcconfig; name = "Pods-junction-2021.debug.xcconfig"; path = "Target Support Files/Pods-junction-2021/Pods-junction-2021.debug.xcconfig"; sourceTree = "<group>"; };
		CF1FDC642296289B1EAF526F /* Pods-junction-2021.release.xcconfig */ = {isa = PBXFileReference; includeInIndex = 1; lastKnownFileType = text.xcconfig; name = "Pods-junction-2021.release.xcconfig"; path = "Target Support Files/Pods-junction-2021/Pods-junction-2021.release.xcconfig"; sourceTree = "<group>"; };
		D3E4994D27454E1400B9D58C /* junction-2021.app */ = {isa = PBXFileReference; explicitFileType = wrapper.application; includeInIndex = 0; path = "junction-2021.app"; sourceTree = BUILT_PRODUCTS_DIR; };
		D3E4995027454E1400B9D58C /* AppDelegate.swift */ = {isa = PBXFileReference; lastKnownFileType = sourcecode.swift; path = AppDelegate.swift; sourceTree = "<group>"; };
		D3E4995E27454E1600B9D58C /* Info.plist */ = {isa = PBXFileReference; lastKnownFileType = text.plist.xml; path = Info.plist; sourceTree = "<group>"; };
		D3E4996A27479F0C00B9D58C /* R.generated.swift */ = {isa = PBXFileReference; fileEncoding = 4; lastKnownFileType = sourcecode.swift; path = R.generated.swift; sourceTree = SOURCE_ROOT; };
		D3E4996C2747A33600B9D58C /* InitialSetupService.swift */ = {isa = PBXFileReference; lastKnownFileType = sourcecode.swift; path = InitialSetupService.swift; sourceTree = "<group>"; };
		D3E4996F2747A9BB00B9D58C /* Container+resolve.swift */ = {isa = PBXFileReference; lastKnownFileType = sourcecode.swift; path = "Container+resolve.swift"; sourceTree = "<group>"; };
		D3E499722747B6B900B9D58C /* TokenManager.swift */ = {isa = PBXFileReference; lastKnownFileType = sourcecode.swift; path = TokenManager.swift; sourceTree = "<group>"; };
		D3E499772747C14F00B9D58C /* CourseViewController.swift */ = {isa = PBXFileReference; lastKnownFileType = sourcecode.swift; path = CourseViewController.swift; sourceTree = "<group>"; };
		D3E499792747C15A00B9D58C /* CoursePresenter.swift */ = {isa = PBXFileReference; lastKnownFileType = sourcecode.swift; path = CoursePresenter.swift; sourceTree = "<group>"; };
		D3E4997B2747C16400B9D58C /* CourseModel.swift */ = {isa = PBXFileReference; lastKnownFileType = sourcecode.swift; path = CourseModel.swift; sourceTree = "<group>"; };
		D3E499822747DA0500B9D58C /* CALayer+applyFigmaShadow.swift */ = {isa = PBXFileReference; lastKnownFileType = sourcecode.swift; path = "CALayer+applyFigmaShadow.swift"; sourceTree = "<group>"; };
		D3E499842747F18200B9D58C /* PressAnimatable.swift */ = {isa = PBXFileReference; lastKnownFileType = sourcecode.swift; path = PressAnimatable.swift; sourceTree = "<group>"; };
		D3E499A327484B7600B9D58C /* TasksViewController.swift */ = {isa = PBXFileReference; lastKnownFileType = sourcecode.swift; path = TasksViewController.swift; sourceTree = "<group>"; };
		D3E499A527484B8000B9D58C /* TasksPresenter.swift */ = {isa = PBXFileReference; lastKnownFileType = sourcecode.swift; path = TasksPresenter.swift; sourceTree = "<group>"; };
		D3E499A827486A1700B9D58C /* TaskTableViewCell.swift */ = {isa = PBXFileReference; lastKnownFileType = sourcecode.swift; path = TaskTableViewCell.swift; sourceTree = "<group>"; };
		D3E499A927486A1700B9D58C /* TaskTableViewCell.xib */ = {isa = PBXFileReference; lastKnownFileType = file.xib; path = TaskTableViewCell.xib; sourceTree = "<group>"; };
		D3E499AE274922BE00B9D58C /* SpacingWithRoundTopBottomCell.swift */ = {isa = PBXFileReference; lastKnownFileType = sourcecode.swift; path = SpacingWithRoundTopBottomCell.swift; sourceTree = "<group>"; };
		D3E499B02749305D00B9D58C /* Assets.xcassets */ = {isa = PBXFileReference; lastKnownFileType = folder.assetcatalog; path = Assets.xcassets; sourceTree = "<group>"; };
		D3E499B327494A1800B9D58C /* LoadingCell.swift */ = {isa = PBXFileReference; lastKnownFileType = sourcecode.swift; path = LoadingCell.swift; sourceTree = "<group>"; };
/* End PBXFileReference section */

/* Begin PBXFrameworksBuildPhase section */
		D3E4994A27454E1400B9D58C /* Frameworks */ = {
			isa = PBXFrameworksBuildPhase;
			buildActionMask = 2147483647;
			files = (
				270D3B4AFAF0E8FC8C15396F /* Pods_junction_2021.framework in Frameworks */,
			);
			runOnlyForDeploymentPostprocessing = 0;
		};
/* End PBXFrameworksBuildPhase section */

/* Begin PBXGroup section */
		4467DEE227483F510094DBF7 /* Cell */ = {
			isa = PBXGroup;
			children = (
				D3E499AE274922BE00B9D58C /* SpacingWithRoundTopBottomCell.swift */,
				4467DEE327483F510094DBF7 /* TeamTableViewCell.xib */,
				4467DEE427483F510094DBF7 /* StageTableViewCell.swift */,
				4467DEE527483F510094DBF7 /* StageTableViewCell.xib */,
				4467DEE627483F510094DBF7 /* TeamTableViewCell.swift */,
				4467DEC3274837F70094DBF7 /* SpaceCell.swift */,
				4467DF1F274876390094DBF7 /* ButtonCell.swift */,
				4467DF20274876390094DBF7 /* ButtonCell.xib */,
				D3E499B327494A1800B9D58C /* LoadingCell.swift */,
			);
			path = Cell;
			sourceTree = "<group>";
		};
		4467DEEC27483F5B0094DBF7 /* HeaderFooter */ = {
			isa = PBXGroup;
			children = (
				4467DEED27483F5B0094DBF7 /* TitleWithRoundTopHeader.swift */,
				4467DEEE27483F5B0094DBF7 /* RoundFooter.swift */,
			);
			path = HeaderFooter;
			sourceTree = "<group>";
		};
		4467DEFC27484B140094DBF7 /* Cell */ = {
			isa = PBXGroup;
			children = (
				4467DEBE274822050094DBF7 /* ActionBannerCell.swift */,
				4467DEBF274822050094DBF7 /* ActionBannerCell.xib */,
				4467DEFE27484D240094DBF7 /* TitileCell.swift */,
			);
			path = Cell;
			sourceTree = "<group>";
		};
		4467DF25274881970094DBF7 /* Leaderboard */ = {
			isa = PBXGroup;
			children = (
				4467DF512748A02B0094DBF7 /* Cell */,
				4467DF2B274881E20094DBF7 /* LeaderboardViewController.swift */,
				4467DF2E2748821A0094DBF7 /* LeaderboardPresenter.swift */,
			);
			path = Leaderboard;
			sourceTree = "<group>";
		};
		4467DF26274881AE0094DBF7 /* Battle */ = {
			isa = PBXGroup;
			children = (
				4467DF31274888800094DBF7 /* BattlePresenter.swift */,
				4467DF5E274914DA0094DBF7 /* BattleViewController.swift */,
				4467DF5F274914DA0094DBF7 /* BattleViewController.xib */,
			);
			path = Battle;
			sourceTree = "<group>";
		};
		4467DF512748A02B0094DBF7 /* Cell */ = {
			isa = PBXGroup;
			children = (
				4467DF4C27489E480094DBF7 /* LeaderBoardCell.swift */,
				4467DF4D27489E480094DBF7 /* LeaderBoardCell.xib */,
			);
			path = Cell;
			sourceTree = "<group>";
		};
		44D47E032745941600709885 /* Modules */ = {
			isa = PBXGroup;
			children = (
				D3E499B22749312E00B9D58C /* Common */,
				4467DF26274881AE0094DBF7 /* Battle */,
				4467DF25274881970094DBF7 /* Leaderboard */,
				D3E499A227484B5F00B9D58C /* Tasks */,
				D3E499762747C13E00B9D58C /* Course */,
				44D47E0F2745954200709885 /* Community */,
				44D47E042745942800709885 /* Auth */,
				44D47E0C2745953300709885 /* Router.swift */,
				44D47E092745952700709885 /* Assembly.swift */,
			);
			path = Modules;
			sourceTree = "<group>";
		};
		44D47E042745942800709885 /* Auth */ = {
			isa = PBXGroup;
			children = (
				44D47E052745951500709885 /* AuthViewController.swift */,
				44D47E192745A02C00709885 /* AuthPresenter.swift */,
				44D47E612746CD5800709885 /* AuthModel.swift */,
			);
			path = Auth;
			sourceTree = "<group>";
		};
		44D47E0F2745954200709885 /* Community */ = {
			isa = PBXGroup;
			children = (
				4467DEFC27484B140094DBF7 /* Cell */,
				44D47E12274596E100709885 /* CommunityViewController.swift */,
				44D47E1C2745A37E00709885 /* CommunityPresenter.swift */,
			);
			path = Community;
			sourceTree = "<group>";
		};
		44D47E1F2746204100709885 /* Services */ = {
			isa = PBXGroup;
			children = (
				44D47E25274621C400709885 /* NetworkService.swift */,
				44EA0C89274798ED005CE7D6 /* KeyChainService.swift */,
				D3E4996C2747A33600B9D58C /* InitialSetupService.swift */,
			);
			path = Services;
			sourceTree = "<group>";
		};
		7E53F7BCB613DFC6E0489D18 /* Pods */ = {
			isa = PBXGroup;
			children = (
				C77EC4975D68B6FF9C5F7D8D /* Pods-junction-2021.debug.xcconfig */,
				CF1FDC642296289B1EAF526F /* Pods-junction-2021.release.xcconfig */,
			);
			path = Pods;
			sourceTree = "<group>";
		};
		90678602595382261CB2BBFD /* Frameworks */ = {
			isa = PBXGroup;
			children = (
				008712EF501A8C781E2EEB9B /* Pods_junction_2021.framework */,
			);
			name = Frameworks;
			sourceTree = "<group>";
		};
		D3E4994427454E1400B9D58C = {
			isa = PBXGroup;
			children = (
				D3E4994F27454E1400B9D58C /* junction-2021 */,
				D3E4994E27454E1400B9D58C /* Products */,
				7E53F7BCB613DFC6E0489D18 /* Pods */,
				90678602595382261CB2BBFD /* Frameworks */,
			);
			sourceTree = "<group>";
		};
		D3E4994E27454E1400B9D58C /* Products */ = {
			isa = PBXGroup;
			children = (
				D3E4994D27454E1400B9D58C /* junction-2021.app */,
			);
			name = Products;
			sourceTree = "<group>";
		};
		D3E4994F27454E1400B9D58C /* junction-2021 */ = {
			isa = PBXGroup;
			children = (
				D3E499712747B3A100B9D58C /* Managers */,
				44D47E1F2746204100709885 /* Services */,
				44D47E032745941600709885 /* Modules */,
				D3E4996427454EA400B9D58C /* System */,
				D3E4995E27454E1600B9D58C /* Info.plist */,
			);
			path = "junction-2021";
			sourceTree = "<group>";
		};
		D3E4996427454EA400B9D58C /* System */ = {
			isa = PBXGroup;
			children = (
				D3E499752747BE6800B9D58C /* Extensions */,
				D3E499742747BE6100B9D58C /* Design */,
				D3E4996A27479F0C00B9D58C /* R.generated.swift */,
				D3E499B02749305D00B9D58C /* Assets.xcassets */,
				44D47DFD2745939D00709885 /* LaunchScreen.storyboard */,
				D3E4995027454E1400B9D58C /* AppDelegate.swift */,
			);
			path = System;
			sourceTree = "<group>";
		};
		D3E499712747B3A100B9D58C /* Managers */ = {
			isa = PBXGroup;
			children = (
				D3E499722747B6B900B9D58C /* TokenManager.swift */,
			);
			path = Managers;
			sourceTree = "<group>";
		};
		D3E499742747BE6100B9D58C /* Design */ = {
			isa = PBXGroup;
			children = (
				D3E499862747F24300B9D58C /* Protocols */,
				44EA0CA32747B329005CE7D6 /* DesignSystem.swift */,
			);
			path = Design;
			sourceTree = "<group>";
		};
		D3E499752747BE6800B9D58C /* Extensions */ = {
			isa = PBXGroup;
			children = (
				4467DEF227483F820094DBF7 /* UIView+roundCorner.swift */,
				D3E4996F2747A9BB00B9D58C /* Container+resolve.swift */,
				44D47E1627459F0F00709885 /* UIColor+Extension.swift */,
				D3E499822747DA0500B9D58C /* CALayer+applyFigmaShadow.swift */,
				4467DF3427488A260094DBF7 /* Navigation+Icon.swift */,
			);
			path = Extensions;
			sourceTree = "<group>";
		};
		D3E499762747C13E00B9D58C /* Course */ = {
			isa = PBXGroup;
			children = (
				D3E499772747C14F00B9D58C /* CourseViewController.swift */,
				D3E499792747C15A00B9D58C /* CoursePresenter.swift */,
				D3E4997B2747C16400B9D58C /* CourseModel.swift */,
			);
			path = Course;
			sourceTree = "<group>";
		};
		D3E499862747F24300B9D58C /* Protocols */ = {
			isa = PBXGroup;
			children = (
				D3E499842747F18200B9D58C /* PressAnimatable.swift */,
			);
			path = Protocols;
			sourceTree = "<group>";
		};
		D3E499A227484B5F00B9D58C /* Tasks */ = {
			isa = PBXGroup;
			children = (
				D3E499A727486A0600B9D58C /* Cell */,
				D3E499A327484B7600B9D58C /* TasksViewController.swift */,
				D3E499A527484B8000B9D58C /* TasksPresenter.swift */,
			);
			path = Tasks;
			sourceTree = "<group>";
		};
		D3E499A727486A0600B9D58C /* Cell */ = {
			isa = PBXGroup;
			children = (
				D3E499A827486A1700B9D58C /* TaskTableViewCell.swift */,
				D3E499A927486A1700B9D58C /* TaskTableViewCell.xib */,
			);
			path = Cell;
			sourceTree = "<group>";
		};
		D3E499B22749312E00B9D58C /* Common */ = {
			isa = PBXGroup;
			children = (
				4467DEE227483F510094DBF7 /* Cell */,
				4467DEEC27483F5B0094DBF7 /* HeaderFooter */,
			);
			path = Common;
			sourceTree = "<group>";
		};
/* End PBXGroup section */

/* Begin PBXNativeTarget section */
		D3E4994C27454E1400B9D58C /* junction-2021 */ = {
			isa = PBXNativeTarget;
			buildConfigurationList = D3E4996127454E1600B9D58C /* Build configuration list for PBXNativeTarget "junction-2021" */;
			buildPhases = (
				AF0EE559ECE5807DA84391E7 /* [CP] Check Pods Manifest.lock */,
				D3E4996727479D7200B9D58C /* R.swift */,
				D3E4994927454E1400B9D58C /* Sources */,
				D3E4994A27454E1400B9D58C /* Frameworks */,
				D3E4994B27454E1400B9D58C /* Resources */,
				12AE5474734ADAF0D7702285 /* [CP] Embed Pods Frameworks */,
				D3E499652745521100B9D58C /* Lint */,
			);
			buildRules = (
			);
			dependencies = (
			);
			name = "junction-2021";
			productName = "junction-2021";
			productReference = D3E4994D27454E1400B9D58C /* junction-2021.app */;
			productType = "com.apple.product-type.application";
		};
/* End PBXNativeTarget section */

/* Begin PBXProject section */
		D3E4994527454E1400B9D58C /* Project object */ = {
			isa = PBXProject;
			attributes = {
				LastSwiftUpdateCheck = 1250;
				LastUpgradeCheck = 1250;
				TargetAttributes = {
					D3E4994C27454E1400B9D58C = {
						CreatedOnToolsVersion = 12.5.1;
					};
				};
			};
			buildConfigurationList = D3E4994827454E1400B9D58C /* Build configuration list for PBXProject "junction-2021" */;
			compatibilityVersion = "Xcode 9.3";
			developmentRegion = en;
			hasScannedForEncodings = 0;
			knownRegions = (
				en,
				Base,
			);
			mainGroup = D3E4994427454E1400B9D58C;
			productRefGroup = D3E4994E27454E1400B9D58C /* Products */;
			projectDirPath = "";
			projectRoot = "";
			targets = (
				D3E4994C27454E1400B9D58C /* junction-2021 */,
			);
		};
/* End PBXProject section */

/* Begin PBXResourcesBuildPhase section */
		D3E4994B27454E1400B9D58C /* Resources */ = {
			isa = PBXResourcesBuildPhase;
			buildActionMask = 2147483647;
			files = (
				4467DF61274914DA0094DBF7 /* BattleViewController.xib in Resources */,
				4467DF4F27489E480094DBF7 /* LeaderBoardCell.xib in Resources */,
				D3E499AB27486A1700B9D58C /* TaskTableViewCell.xib in Resources */,
				4467DEE727483F510094DBF7 /* TeamTableViewCell.xib in Resources */,
				4467DF22274876390094DBF7 /* ButtonCell.xib in Resources */,
				4467DEC1274822050094DBF7 /* ActionBannerCell.xib in Resources */,
				44D47DFF2745939D00709885 /* LaunchScreen.storyboard in Resources */,
				D3E499B12749305D00B9D58C /* Assets.xcassets in Resources */,
				4467DEE927483F510094DBF7 /* StageTableViewCell.xib in Resources */,
			);
			runOnlyForDeploymentPostprocessing = 0;
		};
/* End PBXResourcesBuildPhase section */

/* Begin PBXShellScriptBuildPhase section */
		12AE5474734ADAF0D7702285 /* [CP] Embed Pods Frameworks */ = {
			isa = PBXShellScriptBuildPhase;
			buildActionMask = 2147483647;
			files = (
			);
			inputFileListPaths = (
				"${PODS_ROOT}/Target Support Files/Pods-junction-2021/Pods-junction-2021-frameworks-${CONFIGURATION}-input-files.xcfilelist",
			);
			name = "[CP] Embed Pods Frameworks";
			outputFileListPaths = (
				"${PODS_ROOT}/Target Support Files/Pods-junction-2021/Pods-junction-2021-frameworks-${CONFIGURATION}-output-files.xcfilelist",
			);
			runOnlyForDeploymentPostprocessing = 0;
			shellPath = /bin/sh;
			shellScript = "\"${PODS_ROOT}/Target Support Files/Pods-junction-2021/Pods-junction-2021-frameworks.sh\"\n";
			showEnvVarsInLog = 0;
		};
		AF0EE559ECE5807DA84391E7 /* [CP] Check Pods Manifest.lock */ = {
			isa = PBXShellScriptBuildPhase;
			buildActionMask = 2147483647;
			files = (
			);
			inputFileListPaths = (
			);
			inputPaths = (
				"${PODS_PODFILE_DIR_PATH}/Podfile.lock",
				"${PODS_ROOT}/Manifest.lock",
			);
			name = "[CP] Check Pods Manifest.lock";
			outputFileListPaths = (
			);
			outputPaths = (
				"$(DERIVED_FILE_DIR)/Pods-junction-2021-checkManifestLockResult.txt",
			);
			runOnlyForDeploymentPostprocessing = 0;
			shellPath = /bin/sh;
			shellScript = "diff \"${PODS_PODFILE_DIR_PATH}/Podfile.lock\" \"${PODS_ROOT}/Manifest.lock\" > /dev/null\nif [ $? != 0 ] ; then\n    # print error to STDERR\n    echo \"error: The sandbox is not in sync with the Podfile.lock. Run 'pod install' or update your CocoaPods installation.\" >&2\n    exit 1\nfi\n# This output is used by Xcode 'outputs' to avoid re-running this script phase.\necho \"SUCCESS\" > \"${SCRIPT_OUTPUT_FILE_0}\"\n";
			showEnvVarsInLog = 0;
		};
		D3E499652745521100B9D58C /* Lint */ = {
			isa = PBXShellScriptBuildPhase;
			buildActionMask = 2147483647;
			files = (
			);
			inputFileListPaths = (
			);
			inputPaths = (
			);
			name = Lint;
			outputFileListPaths = (
			);
			outputPaths = (
			);
			runOnlyForDeploymentPostprocessing = 0;
			shellPath = /bin/sh;
			shellScript = "${PODS_ROOT}/SwiftLint/swiftlint\n";
		};
		D3E4996727479D7200B9D58C /* R.swift */ = {
			isa = PBXShellScriptBuildPhase;
			alwaysOutOfDate = 1;
			buildActionMask = 2147483647;
			files = (
			);
			inputFileListPaths = (
			);
			inputPaths = (
				"$(TEMP_DIR)/rswift-lastrun",
			);
			name = R.swift;
			outputFileListPaths = (
			);
			outputPaths = (
				"$(SRCROOT)/R.generated.swift",
			);
			runOnlyForDeploymentPostprocessing = 0;
			shellPath = /bin/sh;
			shellScript = "\"$PODS_ROOT/R.swift/rswift\" generate \"$SRCROOT/R.generated.swift\"\n";
		};
/* End PBXShellScriptBuildPhase section */

/* Begin PBXSourcesBuildPhase section */
		D3E4994927454E1400B9D58C /* Sources */ = {
			isa = PBXSourcesBuildPhase;
			buildActionMask = 2147483647;
			files = (
				D3E499B427494A1800B9D58C /* LoadingCell.swift in Sources */,
				D3E499782747C14F00B9D58C /* CourseViewController.swift in Sources */,
				4467DF4E27489E480094DBF7 /* LeaderBoardCell.swift in Sources */,
				D3E4997C2747C16400B9D58C /* CourseModel.swift in Sources */,
				4467DF3527488A260094DBF7 /* Navigation+Icon.swift in Sources */,
				44D47E13274596E100709885 /* CommunityViewController.swift in Sources */,
				D3E499A627484B8000B9D58C /* TasksPresenter.swift in Sources */,
				44D47E1A2745A02C00709885 /* AuthPresenter.swift in Sources */,
				44D47E0A2745952700709885 /* Assembly.swift in Sources */,
				D3E499832747DA0500B9D58C /* CALayer+applyFigmaShadow.swift in Sources */,
				4467DEC0274822050094DBF7 /* ActionBannerCell.swift in Sources */,
				44D47E0D2745953300709885 /* Router.swift in Sources */,
				44D47E26274621C400709885 /* NetworkService.swift in Sources */,
				44D47E1D2745A37E00709885 /* CommunityPresenter.swift in Sources */,
				4467DEF027483F5B0094DBF7 /* RoundFooter.swift in Sources */,
				4467DEE827483F510094DBF7 /* StageTableViewCell.swift in Sources */,
				4467DF2F2748821A0094DBF7 /* LeaderboardPresenter.swift in Sources */,
				4467DF21274876390094DBF7 /* ButtonCell.swift in Sources */,
				D3E499AA27486A1700B9D58C /* TaskTableViewCell.swift in Sources */,
				4467DEF327483F820094DBF7 /* UIView+roundCorner.swift in Sources */,
				4467DF32274888800094DBF7 /* BattlePresenter.swift in Sources */,
				44EA0CA42747B329005CE7D6 /* DesignSystem.swift in Sources */,
				D3E4996D2747A33600B9D58C /* InitialSetupService.swift in Sources */,
				D3E499732747B6B900B9D58C /* TokenManager.swift in Sources */,
				D3E499AF274922BF00B9D58C /* SpacingWithRoundTopBottomCell.swift in Sources */,
				44D47E1727459F0F00709885 /* UIColor+Extension.swift in Sources */,
				4467DF2C274881E20094DBF7 /* LeaderboardViewController.swift in Sources */,
				44EA0C8A274798ED005CE7D6 /* KeyChainService.swift in Sources */,
				44D47E062745951500709885 /* AuthViewController.swift in Sources */,
				D3E4997A2747C15A00B9D58C /* CoursePresenter.swift in Sources */,
				4467DEFF27484D240094DBF7 /* TitileCell.swift in Sources */,
				D3E4995127454E1400B9D58C /* AppDelegate.swift in Sources */,
				D3E499702747A9BB00B9D58C /* Container+resolve.swift in Sources */,
				D3E499A427484B7600B9D58C /* TasksViewController.swift in Sources */,
				D3E4996B27479F0C00B9D58C /* R.generated.swift in Sources */,
				4467DF60274914DA0094DBF7 /* BattleViewController.swift in Sources */,
				4467DEEA27483F510094DBF7 /* TeamTableViewCell.swift in Sources */,
				44D47E622746CD5800709885 /* AuthModel.swift in Sources */,
				4467DEC4274837F70094DBF7 /* SpaceCell.swift in Sources */,
				4467DEEF27483F5B0094DBF7 /* TitleWithRoundTopHeader.swift in Sources */,
				D3E499852747F18200B9D58C /* PressAnimatable.swift in Sources */,
			);
			runOnlyForDeploymentPostprocessing = 0;
		};
/* End PBXSourcesBuildPhase section */

/* Begin PBXVariantGroup section */
		44D47DFD2745939D00709885 /* LaunchScreen.storyboard */ = {
			isa = PBXVariantGroup;
			children = (
				44D47DFE2745939D00709885 /* Base */,
			);
			name = LaunchScreen.storyboard;
			sourceTree = "<group>";
		};
/* End PBXVariantGroup section */

/* Begin XCBuildConfiguration section */
		D3E4995F27454E1600B9D58C /* Debug */ = {
			isa = XCBuildConfiguration;
			buildSettings = {
				ALWAYS_SEARCH_USER_PATHS = NO;
				CLANG_ANALYZER_NONNULL = YES;
				CLANG_ANALYZER_NUMBER_OBJECT_CONVERSION = YES_AGGRESSIVE;
				CLANG_CXX_LANGUAGE_STANDARD = "gnu++14";
				CLANG_CXX_LIBRARY = "libc++";
				CLANG_ENABLE_MODULES = YES;
				CLANG_ENABLE_OBJC_ARC = YES;
				CLANG_ENABLE_OBJC_WEAK = YES;
				CLANG_WARN_BLOCK_CAPTURE_AUTORELEASING = YES;
				CLANG_WARN_BOOL_CONVERSION = YES;
				CLANG_WARN_COMMA = YES;
				CLANG_WARN_CONSTANT_CONVERSION = YES;
				CLANG_WARN_DEPRECATED_OBJC_IMPLEMENTATIONS = YES;
				CLANG_WARN_DIRECT_OBJC_ISA_USAGE = YES_ERROR;
				CLANG_WARN_DOCUMENTATION_COMMENTS = YES;
				CLANG_WARN_EMPTY_BODY = YES;
				CLANG_WARN_ENUM_CONVERSION = YES;
				CLANG_WARN_INFINITE_RECURSION = YES;
				CLANG_WARN_INT_CONVERSION = YES;
				CLANG_WARN_NON_LITERAL_NULL_CONVERSION = YES;
				CLANG_WARN_OBJC_IMPLICIT_RETAIN_SELF = YES;
				CLANG_WARN_OBJC_LITERAL_CONVERSION = YES;
				CLANG_WARN_OBJC_ROOT_CLASS = YES_ERROR;
				CLANG_WARN_QUOTED_INCLUDE_IN_FRAMEWORK_HEADER = YES;
				CLANG_WARN_RANGE_LOOP_ANALYSIS = YES;
				CLANG_WARN_STRICT_PROTOTYPES = YES;
				CLANG_WARN_SUSPICIOUS_MOVE = YES;
				CLANG_WARN_UNGUARDED_AVAILABILITY = YES_AGGRESSIVE;
				CLANG_WARN_UNREACHABLE_CODE = YES;
				CLANG_WARN__DUPLICATE_METHOD_MATCH = YES;
				COPY_PHASE_STRIP = NO;
				DEBUG_INFORMATION_FORMAT = dwarf;
				ENABLE_STRICT_OBJC_MSGSEND = YES;
				ENABLE_TESTABILITY = YES;
				GCC_C_LANGUAGE_STANDARD = gnu11;
				GCC_DYNAMIC_NO_PIC = NO;
				GCC_NO_COMMON_BLOCKS = YES;
				GCC_OPTIMIZATION_LEVEL = 0;
				GCC_PREPROCESSOR_DEFINITIONS = (
					"DEBUG=1",
					"$(inherited)",
				);
				GCC_WARN_64_TO_32_BIT_CONVERSION = YES;
				GCC_WARN_ABOUT_RETURN_TYPE = YES_ERROR;
				GCC_WARN_UNDECLARED_SELECTOR = YES;
				GCC_WARN_UNINITIALIZED_AUTOS = YES_AGGRESSIVE;
				GCC_WARN_UNUSED_FUNCTION = YES;
				GCC_WARN_UNUSED_VARIABLE = YES;
				IPHONEOS_DEPLOYMENT_TARGET = 14.5;
				MTL_ENABLE_DEBUG_INFO = INCLUDE_SOURCE;
				MTL_FAST_MATH = YES;
				ONLY_ACTIVE_ARCH = YES;
				SDKROOT = iphoneos;
				SWIFT_ACTIVE_COMPILATION_CONDITIONS = DEBUG;
				SWIFT_OPTIMIZATION_LEVEL = "-Onone";
			};
			name = Debug;
		};
		D3E4996027454E1600B9D58C /* Release */ = {
			isa = XCBuildConfiguration;
			buildSettings = {
				ALWAYS_SEARCH_USER_PATHS = NO;
				CLANG_ANALYZER_NONNULL = YES;
				CLANG_ANALYZER_NUMBER_OBJECT_CONVERSION = YES_AGGRESSIVE;
				CLANG_CXX_LANGUAGE_STANDARD = "gnu++14";
				CLANG_CXX_LIBRARY = "libc++";
				CLANG_ENABLE_MODULES = YES;
				CLANG_ENABLE_OBJC_ARC = YES;
				CLANG_ENABLE_OBJC_WEAK = YES;
				CLANG_WARN_BLOCK_CAPTURE_AUTORELEASING = YES;
				CLANG_WARN_BOOL_CONVERSION = YES;
				CLANG_WARN_COMMA = YES;
				CLANG_WARN_CONSTANT_CONVERSION = YES;
				CLANG_WARN_DEPRECATED_OBJC_IMPLEMENTATIONS = YES;
				CLANG_WARN_DIRECT_OBJC_ISA_USAGE = YES_ERROR;
				CLANG_WARN_DOCUMENTATION_COMMENTS = YES;
				CLANG_WARN_EMPTY_BODY = YES;
				CLANG_WARN_ENUM_CONVERSION = YES;
				CLANG_WARN_INFINITE_RECURSION = YES;
				CLANG_WARN_INT_CONVERSION = YES;
				CLANG_WARN_NON_LITERAL_NULL_CONVERSION = YES;
				CLANG_WARN_OBJC_IMPLICIT_RETAIN_SELF = YES;
				CLANG_WARN_OBJC_LITERAL_CONVERSION = YES;
				CLANG_WARN_OBJC_ROOT_CLASS = YES_ERROR;
				CLANG_WARN_QUOTED_INCLUDE_IN_FRAMEWORK_HEADER = YES;
				CLANG_WARN_RANGE_LOOP_ANALYSIS = YES;
				CLANG_WARN_STRICT_PROTOTYPES = YES;
				CLANG_WARN_SUSPICIOUS_MOVE = YES;
				CLANG_WARN_UNGUARDED_AVAILABILITY = YES_AGGRESSIVE;
				CLANG_WARN_UNREACHABLE_CODE = YES;
				CLANG_WARN__DUPLICATE_METHOD_MATCH = YES;
				COPY_PHASE_STRIP = NO;
				DEBUG_INFORMATION_FORMAT = "dwarf-with-dsym";
				ENABLE_NS_ASSERTIONS = NO;
				ENABLE_STRICT_OBJC_MSGSEND = YES;
				GCC_C_LANGUAGE_STANDARD = gnu11;
				GCC_NO_COMMON_BLOCKS = YES;
				GCC_WARN_64_TO_32_BIT_CONVERSION = YES;
				GCC_WARN_ABOUT_RETURN_TYPE = YES_ERROR;
				GCC_WARN_UNDECLARED_SELECTOR = YES;
				GCC_WARN_UNINITIALIZED_AUTOS = YES_AGGRESSIVE;
				GCC_WARN_UNUSED_FUNCTION = YES;
				GCC_WARN_UNUSED_VARIABLE = YES;
				IPHONEOS_DEPLOYMENT_TARGET = 14.5;
				MTL_ENABLE_DEBUG_INFO = NO;
				MTL_FAST_MATH = YES;
				SDKROOT = iphoneos;
				SWIFT_COMPILATION_MODE = wholemodule;
				SWIFT_OPTIMIZATION_LEVEL = "-O";
				VALIDATE_PRODUCT = YES;
			};
			name = Release;
		};
		D3E4996227454E1600B9D58C /* Debug */ = {
			isa = XCBuildConfiguration;
			baseConfigurationReference = C77EC4975D68B6FF9C5F7D8D /* Pods-junction-2021.debug.xcconfig */;
			buildSettings = {
				ASSETCATALOG_COMPILER_APPICON_NAME = AppIcon;
				ASSETCATALOG_COMPILER_GLOBAL_ACCENT_COLOR_NAME = AccentColor;
				CODE_SIGN_STYLE = Automatic;
				DEVELOPMENT_TEAM = 9J6689CCTF;
				INFOPLIST_FILE = "junction-2021/Info.plist";
				IPHONEOS_DEPLOYMENT_TARGET = 13.0;
				LD_RUNPATH_SEARCH_PATHS = (
					"$(inherited)",
					"@executable_path/Frameworks",
				);
				PRODUCT_BUNDLE_IDENTIFIER = "ru.belotserkovtsev.junction-2021";
				PRODUCT_NAME = "$(TARGET_NAME)";
				SWIFT_VERSION = 5.0;
				TARGETED_DEVICE_FAMILY = 1;
			};
			name = Debug;
		};
		D3E4996327454E1600B9D58C /* Release */ = {
			isa = XCBuildConfiguration;
			baseConfigurationReference = CF1FDC642296289B1EAF526F /* Pods-junction-2021.release.xcconfig */;
			buildSettings = {
				ASSETCATALOG_COMPILER_APPICON_NAME = AppIcon;
				ASSETCATALOG_COMPILER_GLOBAL_ACCENT_COLOR_NAME = AccentColor;
				CODE_SIGN_STYLE = Automatic;
				DEVELOPMENT_TEAM = 9J6689CCTF;
				INFOPLIST_FILE = "junction-2021/Info.plist";
				IPHONEOS_DEPLOYMENT_TARGET = 13.0;
				LD_RUNPATH_SEARCH_PATHS = (
					"$(inherited)",
					"@executable_path/Frameworks",
				);
				PRODUCT_BUNDLE_IDENTIFIER = "ru.belotserkovtsev.junction-2021";
				PRODUCT_NAME = "$(TARGET_NAME)";
				SWIFT_VERSION = 5.0;
				TARGETED_DEVICE_FAMILY = 1;
			};
			name = Release;
		};
/* End XCBuildConfiguration section */

/* Begin XCConfigurationList section */
		D3E4994827454E1400B9D58C /* Build configuration list for PBXProject "junction-2021" */ = {
			isa = XCConfigurationList;
			buildConfigurations = (
				D3E4995F27454E1600B9D58C /* Debug */,
				D3E4996027454E1600B9D58C /* Release */,
			);
			defaultConfigurationIsVisible = 0;
			defaultConfigurationName = Release;
		};
		D3E4996127454E1600B9D58C /* Build configuration list for PBXNativeTarget "junction-2021" */ = {
			isa = XCConfigurationList;
			buildConfigurations = (
				D3E4996227454E1600B9D58C /* Debug */,
				D3E4996327454E1600B9D58C /* Release */,
			);
			defaultConfigurationIsVisible = 0;
			defaultConfigurationName = Release;
		};
/* End XCConfigurationList section */
	};
	rootObject = D3E4994527454E1400B9D58C /* Project object */;
}
